<?xml version="1.0" encoding="utf-8"?>
<Project ToolsVersion="4.0" xmlns="http://schemas.microsoft.com/developer/msbuild/2003">
  <ItemGroup>
    <ClCompile Include="main.cpp" />
    <ClCompile Include="Application_Window.cpp">
      <Filter>Application\Window</Filter>
    </ClCompile>
    <ClCompile Include="Application.cpp">
      <Filter>Application</Filter>
    </ClCompile>
    <ClCompile Include="Graphics.cpp">
      <Filter>Graphics</Filter>
    </ClCompile>
    <ClCompile Include="Graphics_Cube.cpp">
      <Filter>Graphics\Cube</Filter>
    </ClCompile>
    <ClCompile Include="Graphics_Shader.cpp">
      <Filter>Graphics\Shader</Filter>
    </ClCompile>
    <ClCompile Include="Graphics_Camera.cpp">
      <Filter>Graphics\Camera</Filter>
    </ClCompile>
  </ItemGroup>
  <ItemGroup>
    <Filter Include="Application">
      <UniqueIdentifier>{62f592af-1e80-4577-a0b4-4342bc2753e6}</UniqueIdentifier>
    </Filter>
    <Filter Include="Application\Window">
      <UniqueIdentifier>{e42a6c49-c085-4144-8359-a51f9ca0cafe}</UniqueIdentifier>
    </Filter>
    <Filter Include="Graphics">
      <UniqueIdentifier>{c02a570b-6a81-4917-9156-58ff29408644}</UniqueIdentifier>
    </Filter>
    <Filter Include="Graphics\Cube">
      <UniqueIdentifier>{4c4212be-1382-4942-9ea9-01fd78513844}</UniqueIdentifier>
    </Filter>
    <Filter Include="Graphics\Shader">
      <UniqueIdentifier>{b153a1dd-892e-4e46-a85b-5a2834465151}</UniqueIdentifier>
    </Filter>
    <Filter Include="Graphics\Shader\hlsl">
      <UniqueIdentifier>{8bebe7fb-9006-4632-87d0-27d7ce14f478}</UniqueIdentifier>
    </Filter>
    <Filter Include="Graphics\Camera">
      <UniqueIdentifier>{fa2c2a82-9a32-4c80-9b5e-cc1588327065}</UniqueIdentifier>
    </Filter>
  </ItemGroup>
  <ItemGroup>
    <ClInclude Include="Application_Window.h">
      <Filter>Application\Window</Filter>
    </ClInclude>
    <ClInclude Include="Application.h">
      <Filter>Application</Filter>
    </ClInclude>
    <ClInclude Include="Graphics.h">
      <Filter>Graphics</Filter>
    </ClInclude>
    <ClInclude Include="Graphics_Cube.h">
      <Filter>Graphics\Cube</Filter>
    </ClInclude>
    <ClInclude Include="Graphics_Shader.h">
      <Filter>Graphics\Shader</Filter>
    </ClInclude>
    <ClInclude Include="Graphics_Camera.h">
      <Filter>Graphics\Camera</Filter>
    </ClInclude>
  </ItemGroup>
  <ItemGroup>
    <FxCompile Include="vertexShader.hlsl">
      <Filter>Graphics\Shader\hlsl</Filter>
    </FxCompile>
    <FxCompile Include="pixelShader.hlsl">
      <Filter>Graphics\Shader\hlsl</Filter>
    </FxCompile>
  </ItemGroup>
  <ItemGroup>
    <None Include="common.hlsli">
      <Filter>Graphics\Shader\hlsl</Filter>
    </None>
  </ItemGroup>
</Project>